
Microsoft Visual Studio Solution File, Format Version 12.00
# Visual Studio Version 17
VisualStudioVersion = 17.8.34511.84
MinimumVisualStudioVersion = 10.0.40219.1
Project("{FAE04EC0-301F-11D3-BF4B-00C04F79EFBC}") = "LabRepaso1", "LabRepaso1.csproj", "{9CCED51A-7D86-427D-8AF0-ACCD4DFB80F2}"
EndProject
Global
	GlobalSection(SolutionConfigurationPlatforms) = preSolution
		Debug|Any CPU = Debug|Any CPU
		Release|Any CPU = Release|Any CPU
	EndGlobalSection
	GlobalSection(ProjectConfigurationPlatforms) = postSolution
		{9CCED51A-7D86-427D-8AF0-ACCD4DFB80F2}.Debug|Any CPU.ActiveCfg = Debug|Any CPU
		{9CCED51A-7D86-427D-8AF0-ACCD4DFB80F2}.Debug|Any CPU.Build.0 = Debug|Any CPU
		{9CCED51A-7D86-427D-8AF0-ACCD4DFB80F2}.Release|Any CPU.ActiveCfg = Release|Any CPU
		{9CCED51A-7D86-427D-8AF0-ACCD4DFB80F2}.Release|Any CPU.Build.0 = Release|Any CPU
	EndGlobalSection
	GlobalSection(SolutionProperties) = preSolution
		HideSolutionNode = FALSE
	EndGlobalSection
	GlobalSection(ExtensibilityGlobals) = postSolution
		SolutionGuid = {5E388ABF-4642-469F-991D-AB208DC641EA}
	EndGlobalSection
EndGlobal
